// !$*UTF8*$!
{
	archiveVersion = 1;
	classes = {
	};
	objectVersion = 51;
	objects = {

/* Begin PBXBuildFile section */
		866D84B00CD6FB2EFAB2F015 /* Pods_Base.framework in Frameworks */ = {isa = PBXBuildFile; fileRef = 85049482C23935C92CBA1068 /* Pods_Base.framework */; };
		897EFF6926BBDFAE006AF830 /* CellConfigurator.swift in Sources */ = {isa = PBXBuildFile; fileRef = 897EFF6826BBDFAE006AF830 /* CellConfigurator.swift */; };
		89953F8226BA7C5100C28C86 /* AppDelegate.swift in Sources */ = {isa = PBXBuildFile; fileRef = 89953F8126BA7C5100C28C86 /* AppDelegate.swift */; };
		89953F8626BA7C5100C28C86 /* ViewController.swift in Sources */ = {isa = PBXBuildFile; fileRef = 89953F8526BA7C5100C28C86 /* ViewController.swift */; };
		89953F8926BA7C5100C28C86 /* Main.storyboard in Resources */ = {isa = PBXBuildFile; fileRef = 89953F8726BA7C5100C28C86 /* Main.storyboard */; };
		89953F8B26BA7C5300C28C86 /* Assets.xcassets in Resources */ = {isa = PBXBuildFile; fileRef = 89953F8A26BA7C5300C28C86 /* Assets.xcassets */; };
		89953F8E26BA7C5300C28C86 /* LaunchScreen.storyboard in Resources */ = {isa = PBXBuildFile; fileRef = 89953F8C26BA7C5300C28C86 /* LaunchScreen.storyboard */; };
		89953F9A26BA7E9E00C28C86 /* BaseViewController.swift in Sources */ = {isa = PBXBuildFile; fileRef = 89953F9926BA7E9E00C28C86 /* BaseViewController.swift */; };
		89953FEA26BA81A500C28C86 /* StackViewController.swift in Sources */ = {isa = PBXBuildFile; fileRef = 89953FE926BA81A500C28C86 /* StackViewController.swift */; };
		89953FF326BA840200C28C86 /* BaseNavigationView.swift in Sources */ = {isa = PBXBuildFile; fileRef = 89953FF226BA840200C28C86 /* BaseNavigationView.swift */; };
		89AA2BA226C0F0D0007B28F1 /* BottomButtonView.swift in Sources */ = {isa = PBXBuildFile; fileRef = 89AA2BA126C0F0D0007B28F1 /* BottomButtonView.swift */; };
		89B31E4026BD0A1D0082C3CF /* CellContainer.swift in Sources */ = {isa = PBXBuildFile; fileRef = 89B31E3F26BD0A1D0082C3CF /* CellContainer.swift */; };
		89D9D85026BAA30E00737E3A /* TableViewController.swift in Sources */ = {isa = PBXBuildFile; fileRef = 89D9D84F26BAA30E00737E3A /* TableViewController.swift */; };
		89D9D85426BAA31E00737E3A /* CollectionViewController.swift in Sources */ = {isa = PBXBuildFile; fileRef = 89D9D85326BAA31E00737E3A /* CollectionViewController.swift */; };
		89D9D86F26BAADAD00737E3A /* SingleLineTextField.swift in Sources */ = {isa = PBXBuildFile; fileRef = 89D9D86E26BAADAD00737E3A /* SingleLineTextField.swift */; };
		89D9D87626BAD22C00737E3A /* ScrollStackView.swift in Sources */ = {isa = PBXBuildFile; fileRef = 89D9D87526BAD22C00737E3A /* ScrollStackView.swift */; };
/* End PBXBuildFile section */

/* Begin PBXFileReference section */
		85049482C23935C92CBA1068 /* Pods_Base.framework */ = {isa = PBXFileReference; explicitFileType = wrapper.framework; includeInIndex = 0; path = Pods_Base.framework; sourceTree = BUILT_PRODUCTS_DIR; };
		897EFF6826BBDFAE006AF830 /* CellConfigurator.swift */ = {isa = PBXFileReference; lastKnownFileType = sourcecode.swift; path = CellConfigurator.swift; sourceTree = "<group>"; };
		89953F7E26BA7C5100C28C86 /* Base.app */ = {isa = PBXFileReference; explicitFileType = wrapper.application; includeInIndex = 0; path = Base.app; sourceTree = BUILT_PRODUCTS_DIR; };
		89953F8126BA7C5100C28C86 /* AppDelegate.swift */ = {isa = PBXFileReference; lastKnownFileType = sourcecode.swift; path = AppDelegate.swift; sourceTree = "<group>"; };
		89953F8526BA7C5100C28C86 /* ViewController.swift */ = {isa = PBXFileReference; lastKnownFileType = sourcecode.swift; path = ViewController.swift; sourceTree = "<group>"; };
		89953F8826BA7C5100C28C86 /* Base */ = {isa = PBXFileReference; lastKnownFileType = file.storyboard; name = Base; path = Base.lproj/Main.storyboard; sourceTree = "<group>"; };
		89953F8A26BA7C5300C28C86 /* Assets.xcassets */ = {isa = PBXFileReference; lastKnownFileType = folder.assetcatalog; path = Assets.xcassets; sourceTree = "<group>"; };
		89953F8D26BA7C5300C28C86 /* Base */ = {isa = PBXFileReference; lastKnownFileType = file.storyboard; name = Base; path = Base.lproj/LaunchScreen.storyboard; sourceTree = "<group>"; };
		89953F8F26BA7C5300C28C86 /* Info.plist */ = {isa = PBXFileReference; lastKnownFileType = text.plist.xml; path = Info.plist; sourceTree = "<group>"; };
		89953F9926BA7E9E00C28C86 /* BaseViewController.swift */ = {isa = PBXFileReference; lastKnownFileType = sourcecode.swift; path = BaseViewController.swift; sourceTree = "<group>"; };
		89953FE926BA81A500C28C86 /* StackViewController.swift */ = {isa = PBXFileReference; lastKnownFileType = sourcecode.swift; path = StackViewController.swift; sourceTree = "<group>"; };
		89953FF226BA840200C28C86 /* BaseNavigationView.swift */ = {isa = PBXFileReference; lastKnownFileType = sourcecode.swift; path = BaseNavigationView.swift; sourceTree = "<group>"; };
		89AA2BA126C0F0D0007B28F1 /* BottomButtonView.swift */ = {isa = PBXFileReference; lastKnownFileType = sourcecode.swift; path = BottomButtonView.swift; sourceTree = "<group>"; };
		89B31E3F26BD0A1D0082C3CF /* CellContainer.swift */ = {isa = PBXFileReference; lastKnownFileType = sourcecode.swift; path = CellContainer.swift; sourceTree = "<group>"; };
		89D9D84F26BAA30E00737E3A /* TableViewController.swift */ = {isa = PBXFileReference; lastKnownFileType = sourcecode.swift; path = TableViewController.swift; sourceTree = "<group>"; };
		89D9D85326BAA31E00737E3A /* CollectionViewController.swift */ = {isa = PBXFileReference; lastKnownFileType = sourcecode.swift; path = CollectionViewController.swift; sourceTree = "<group>"; };
		89D9D86E26BAADAD00737E3A /* SingleLineTextField.swift */ = {isa = PBXFileReference; lastKnownFileType = sourcecode.swift; path = SingleLineTextField.swift; sourceTree = "<group>"; };
		89D9D87526BAD22C00737E3A /* ScrollStackView.swift */ = {isa = PBXFileReference; lastKnownFileType = sourcecode.swift; path = ScrollStackView.swift; sourceTree = "<group>"; };
		DC7696F9ADB1F2B8F71D5638 /* Pods-Base.debug.xcconfig */ = {isa = PBXFileReference; includeInIndex = 1; lastKnownFileType = text.xcconfig; name = "Pods-Base.debug.xcconfig"; path = "Target Support Files/Pods-Base/Pods-Base.debug.xcconfig"; sourceTree = "<group>"; };
		EF5EDA9C4E59574B7A626A81 /* Pods-Base.release.xcconfig */ = {isa = PBXFileReference; includeInIndex = 1; lastKnownFileType = text.xcconfig; name = "Pods-Base.release.xcconfig"; path = "Target Support Files/Pods-Base/Pods-Base.release.xcconfig"; sourceTree = "<group>"; };
/* End PBXFileReference section */

/* Begin PBXFrameworksBuildPhase section */
		89953F7B26BA7C5100C28C86 /* Frameworks */ = {
			isa = PBXFrameworksBuildPhase;
			buildActionMask = 2147483647;
			files = (
				866D84B00CD6FB2EFAB2F015 /* Pods_Base.framework in Frameworks */,
			);
			runOnlyForDeploymentPostprocessing = 0;
		};
/* End PBXFrameworksBuildPhase section */

/* Begin PBXGroup section */
		05E676C3BC69DE344D5F6234 /* Pods */ = {
			isa = PBXGroup;
			children = (
				DC7696F9ADB1F2B8F71D5638 /* Pods-Base.debug.xcconfig */,
				EF5EDA9C4E59574B7A626A81 /* Pods-Base.release.xcconfig */,
			);
			path = Pods;
			sourceTree = "<group>";
		};
		4FF8ABC27554BD229B4820F0 /* Frameworks */ = {
			isa = PBXGroup;
			children = (
				85049482C23935C92CBA1068 /* Pods_Base.framework */,
			);
			name = Frameworks;
			sourceTree = "<group>";
		};
		89953F7526BA7C5100C28C86 = {
			isa = PBXGroup;
			children = (
				89953F8026BA7C5100C28C86 /* Base */,
				89953F7F26BA7C5100C28C86 /* Products */,
				05E676C3BC69DE344D5F6234 /* Pods */,
				4FF8ABC27554BD229B4820F0 /* Frameworks */,
			);
			sourceTree = "<group>";
		};
		89953F7F26BA7C5100C28C86 /* Products */ = {
			isa = PBXGroup;
			children = (
				89953F7E26BA7C5100C28C86 /* Base.app */,
			);
			name = Products;
			sourceTree = "<group>";
		};
		89953F8026BA7C5100C28C86 /* Base */ = {
			isa = PBXGroup;
			children = (
				89D9D86D26BAAD8200737E3A /* View */,
				89D9D87326BAADB300737E3A /* ViewControllers */,
				89953F8126BA7C5100C28C86 /* AppDelegate.swift */,
				89953F8526BA7C5100C28C86 /* ViewController.swift */,
				89953F8726BA7C5100C28C86 /* Main.storyboard */,
				89953F8A26BA7C5300C28C86 /* Assets.xcassets */,
				89953F8C26BA7C5300C28C86 /* LaunchScreen.storyboard */,
				89953F8F26BA7C5300C28C86 /* Info.plist */,
			);
			path = Base;
			sourceTree = "<group>";
		};
		89D9D86D26BAAD8200737E3A /* View */ = {
			isa = PBXGroup;
			children = (
				89B31E3F26BD0A1D0082C3CF /* CellContainer.swift */,
				897EFF6826BBDFAE006AF830 /* CellConfigurator.swift */,
				89953FF226BA840200C28C86 /* BaseNavigationView.swift */,
				89D9D86E26BAADAD00737E3A /* SingleLineTextField.swift */,
				89D9D87526BAD22C00737E3A /* ScrollStackView.swift */,
				89AA2BA126C0F0D0007B28F1 /* BottomButtonView.swift */,
			);
			path = View;
			sourceTree = "<group>";
		};
		89D9D87326BAADB300737E3A /* ViewControllers */ = {
			isa = PBXGroup;
			children = (
				89953F9926BA7E9E00C28C86 /* BaseViewController.swift */,
				89953FE926BA81A500C28C86 /* StackViewController.swift */,
				89D9D84F26BAA30E00737E3A /* TableViewController.swift */,
				89D9D85326BAA31E00737E3A /* CollectionViewController.swift */,
			);
			path = ViewControllers;
			sourceTree = "<group>";
		};
/* End PBXGroup section */

/* Begin PBXNativeTarget section */
		89953F7D26BA7C5100C28C86 /* Base */ = {
			isa = PBXNativeTarget;
			buildConfigurationList = 89953F9226BA7C5300C28C86 /* Build configuration list for PBXNativeTarget "Base" */;
			buildPhases = (
				E13ACE049F149ED1CD6B4A8E /* [CP] Check Pods Manifest.lock */,
				89953F7A26BA7C5100C28C86 /* Sources */,
				89953F7B26BA7C5100C28C86 /* Frameworks */,
				89953F7C26BA7C5100C28C86 /* Resources */,
				CAB664354171080EA3AFE251 /* [CP] Embed Pods Frameworks */,
			);
			buildRules = (
			);
			dependencies = (
			);
			name = Base;
			productName = Base;
			productReference = 89953F7E26BA7C5100C28C86 /* Base.app */;
			productType = "com.apple.product-type.application";
		};
/* End PBXNativeTarget section */

/* Begin PBXProject section */
		89953F7626BA7C5100C28C86 /* Project object */ = {
			isa = PBXProject;
			attributes = {
				LastSwiftUpdateCheck = 1240;
				LastUpgradeCheck = 1240;
				TargetAttributes = {
					89953F7D26BA7C5100C28C86 = {
						CreatedOnToolsVersion = 12.4;
					};
				};
			};
			buildConfigurationList = 89953F7926BA7C5100C28C86 /* Build configuration list for PBXProject "Base" */;
			compatibilityVersion = "Xcode 9.3";
			developmentRegion = en;
			hasScannedForEncodings = 0;
			knownRegions = (
				en,
				Base,
			);
			mainGroup = 89953F7526BA7C5100C28C86;
			productRefGroup = 89953F7F26BA7C5100C28C86 /* Products */;
			projectDirPath = "";
			projectRoot = "";
			targets = (
				89953F7D26BA7C5100C28C86 /* Base */,
			);
		};
/* End PBXProject section */

/* Begin PBXResourcesBuildPhase section */
		89953F7C26BA7C5100C28C86 /* Resources */ = {
			isa = PBXResourcesBuildPhase;
			buildActionMask = 2147483647;
			files = (
				89953F8E26BA7C5300C28C86 /* LaunchScreen.storyboard in Resources */,
				89953F8B26BA7C5300C28C86 /* Assets.xcassets in Resources */,
				89953F8926BA7C5100C28C86 /* Main.storyboard in Resources */,
			);
			runOnlyForDeploymentPostprocessing = 0;
		};
/* End PBXResourcesBuildPhase section */

/* Begin PBXShellScriptBuildPhase section */
		CAB664354171080EA3AFE251 /* [CP] Embed Pods Frameworks */ = {
			isa = PBXShellScriptBuildPhase;
			buildActionMask = 2147483647;
			files = (
			);
			inputFileListPaths = (
				"${PODS_ROOT}/Target Support Files/Pods-Base/Pods-Base-frameworks-${CONFIGURATION}-input-files.xcfilelist",
			);
			name = "[CP] Embed Pods Frameworks";
			outputFileListPaths = (
				"${PODS_ROOT}/Target Support Files/Pods-Base/Pods-Base-frameworks-${CONFIGURATION}-output-files.xcfilelist",
			);
			runOnlyForDeploymentPostprocessing = 0;
			shellPath = /bin/sh;
			shellScript = "\"${PODS_ROOT}/Target Support Files/Pods-Base/Pods-Base-frameworks.sh\"\n";
			showEnvVarsInLog = 0;
		};
		E13ACE049F149ED1CD6B4A8E /* [CP] Check Pods Manifest.lock */ = {
			isa = PBXShellScriptBuildPhase;
			buildActionMask = 2147483647;
			files = (
			);
			inputFileListPaths = (
			);
			inputPaths = (
				"${PODS_PODFILE_DIR_PATH}/Podfile.lock",
				"${PODS_ROOT}/Manifest.lock",
			);
			name = "[CP] Check Pods Manifest.lock";
			outputFileListPaths = (
			);
			outputPaths = (
				"$(DERIVED_FILE_DIR)/Pods-Base-checkManifestLockResult.txt",
			);
			runOnlyForDeploymentPostprocessing = 0;
			shellPath = /bin/sh;
			shellScript = "diff \"${PODS_PODFILE_DIR_PATH}/Podfile.lock\" \"${PODS_ROOT}/Manifest.lock\" > /dev/null\nif [ $? != 0 ] ; then\n    # print error to STDERR\n    echo \"error: The sandbox is not in sync with the Podfile.lock. Run 'pod install' or update your CocoaPods installation.\" >&2\n    exit 1\nfi\n# This output is used by Xcode 'outputs' to avoid re-running this script phase.\necho \"SUCCESS\" > \"${SCRIPT_OUTPUT_FILE_0}\"\n";
			showEnvVarsInLog = 0;
		};
/* End PBXShellScriptBuildPhase section */

/* Begin PBXSourcesBuildPhase section */
		89953F7A26BA7C5100C28C86 /* Sources */ = {
			isa = PBXSourcesBuildPhase;
			buildActionMask = 2147483647;
			files = (
				89D9D87626BAD22C00737E3A /* ScrollStackView.swift in Sources */,
				89B31E4026BD0A1D0082C3CF /* CellContainer.swift in Sources */,
				89953F8626BA7C5100C28C86 /* ViewController.swift in Sources */,
				89D9D85026BAA30E00737E3A /* TableViewController.swift in Sources */,
				89953FEA26BA81A500C28C86 /* StackViewController.swift in Sources */,
				89953F8226BA7C5100C28C86 /* AppDelegate.swift in Sources */,
				89D9D85426BAA31E00737E3A /* CollectionViewController.swift in Sources */,
				89AA2BA226C0F0D0007B28F1 /* BottomButtonView.swift in Sources */,
				89953F9A26BA7E9E00C28C86 /* BaseViewController.swift in Sources */,
				89953FF326BA840200C28C86 /* BaseNavigationView.swift in Sources */,
				897EFF6926BBDFAE006AF830 /* CellConfigurator.swift in Sources */,
				89D9D86F26BAADAD00737E3A /* SingleLineTextField.swift in Sources */,
			);
			runOnlyForDeploymentPostprocessing = 0;
		};
/* End PBXSourcesBuildPhase section */

/* Begin PBXVariantGroup section */
		89953F8726BA7C5100C28C86 /* Main.storyboard */ = {
			isa = PBXVariantGroup;
			children = (
				89953F8826BA7C5100C28C86 /* Base */,
			);
			name = Main.storyboard;
			sourceTree = "<group>";
		};
		89953F8C26BA7C5300C28C86 /* LaunchScreen.storyboard */ = {
			isa = PBXVariantGroup;
			children = (
				89953F8D26BA7C5300C28C86 /* Base */,
			);
			name = LaunchScreen.storyboard;
			sourceTree = "<group>";
		};
/* End PBXVariantGroup section */

/* Begin XCBuildConfiguration section */
		89953F9026BA7C5300C28C86 /* Debug */ = {
			isa = XCBuildConfiguration;
			buildSettings = {
				ALWAYS_SEARCH_USER_PATHS = NO;
				CLANG_ANALYZER_NONNULL = YES;
				CLANG_ANALYZER_NUMBER_OBJECT_CONVERSION = YES_AGGRESSIVE;
				CLANG_CXX_LANGUAGE_STANDARD = "gnu++14";
				CLANG_CXX_LIBRARY = "libc++";
				CLANG_ENABLE_MODULES = YES;
				CLANG_ENABLE_OBJC_ARC = YES;
				CLANG_ENABLE_OBJC_WEAK = YES;
				CLANG_WARN_BLOCK_CAPTURE_AUTORELEASING = YES;
				CLANG_WARN_BOOL_CONVERSION = YES;
				CLANG_WARN_COMMA = YES;
				CLANG_WARN_CONSTANT_CONVERSION = YES;
				CLANG_WARN_DEPRECATED_OBJC_IMPLEMENTATIONS = YES;
				CLANG_WARN_DIRECT_OBJC_ISA_USAGE = YES_ERROR;
				CLANG_WARN_DOCUMENTATION_COMMENTS = YES;
				CLANG_WARN_EMPTY_BODY = YES;
				CLANG_WARN_ENUM_CONVERSION = YES;
				CLANG_WARN_INFINITE_RECURSION = YES;
				CLANG_WARN_INT_CONVERSION = YES;
				CLANG_WARN_NON_LITERAL_NULL_CONVERSION = YES;
				CLANG_WARN_OBJC_IMPLICIT_RETAIN_SELF = YES;
				CLANG_WARN_OBJC_LITERAL_CONVERSION = YES;
				CLANG_WARN_OBJC_ROOT_CLASS = YES_ERROR;
				CLANG_WARN_QUOTED_INCLUDE_IN_FRAMEWORK_HEADER = YES;
				CLANG_WARN_RANGE_LOOP_ANALYSIS = YES;
				CLANG_WARN_STRICT_PROTOTYPES = YES;
				CLANG_WARN_SUSPICIOUS_MOVE = YES;
				CLANG_WARN_UNGUARDED_AVAILABILITY = YES_AGGRESSIVE;
				CLANG_WARN_UNREACHABLE_CODE = YES;
				CLANG_WARN__DUPLICATE_METHOD_MATCH = YES;
				COPY_PHASE_STRIP = NO;
				DEBUG_INFORMATION_FORMAT = dwarf;
				ENABLE_STRICT_OBJC_MSGSEND = YES;
				ENABLE_TESTABILITY = YES;
				GCC_C_LANGUAGE_STANDARD = gnu11;
				GCC_DYNAMIC_NO_PIC = NO;
				GCC_NO_COMMON_BLOCKS = YES;
				GCC_OPTIMIZATION_LEVEL = 0;
				GCC_PREPROCESSOR_DEFINITIONS = (
					"DEBUG=1",
					"$(inherited)",
				);
				GCC_WARN_64_TO_32_BIT_CONVERSION = YES;
				GCC_WARN_ABOUT_RETURN_TYPE = YES_ERROR;
				GCC_WARN_UNDECLARED_SELECTOR = YES;
				GCC_WARN_UNINITIALIZED_AUTOS = YES_AGGRESSIVE;
				GCC_WARN_UNUSED_FUNCTION = YES;
				GCC_WARN_UNUSED_VARIABLE = YES;
				IPHONEOS_DEPLOYMENT_TARGET = 11.0;
				MTL_ENABLE_DEBUG_INFO = INCLUDE_SOURCE;
				MTL_FAST_MATH = YES;
				ONLY_ACTIVE_ARCH = YES;
				SDKROOT = iphoneos;
				SWIFT_ACTIVE_COMPILATION_CONDITIONS = DEBUG;
				SWIFT_OPTIMIZATION_LEVEL = "-Onone";
			};
			name = Debug;
		};
		89953F9126BA7C5300C28C86 /* Release */ = {
			isa = XCBuildConfiguration;
			buildSettings = {
				ALWAYS_SEARCH_USER_PATHS = NO;
				CLANG_ANALYZER_NONNULL = YES;
				CLANG_ANALYZER_NUMBER_OBJECT_CONVERSION = YES_AGGRESSIVE;
				CLANG_CXX_LANGUAGE_STANDARD = "gnu++14";
				CLANG_CXX_LIBRARY = "libc++";
				CLANG_ENABLE_MODULES = YES;
				CLANG_ENABLE_OBJC_ARC = YES;
				CLANG_ENABLE_OBJC_WEAK = YES;
				CLANG_WARN_BLOCK_CAPTURE_AUTORELEASING = YES;
				CLANG_WARN_BOOL_CONVERSION = YES;
				CLANG_WARN_COMMA = YES;
				CLANG_WARN_CONSTANT_CONVERSION = YES;
				CLANG_WARN_DEPRECATED_OBJC_IMPLEMENTATIONS = YES;
				CLANG_WARN_DIRECT_OBJC_ISA_USAGE = YES_ERROR;
				CLANG_WARN_DOCUMENTATION_COMMENTS = YES;
				CLANG_WARN_EMPTY_BODY = YES;
				CLANG_WARN_ENUM_CONVERSION = YES;
				CLANG_WARN_INFINITE_RECURSION = YES;
				CLANG_WARN_INT_CONVERSION = YES;
				CLANG_WARN_NON_LITERAL_NULL_CONVERSION = YES;
				CLANG_WARN_OBJC_IMPLICIT_RETAIN_SELF = YES;
				CLANG_WARN_OBJC_LITERAL_CONVERSION = YES;
				CLANG_WARN_OBJC_ROOT_CLASS = YES_ERROR;
				CLANG_WARN_QUOTED_INCLUDE_IN_FRAMEWORK_HEADER = YES;
				CLANG_WARN_RANGE_LOOP_ANALYSIS = YES;
				CLANG_WARN_STRICT_PROTOTYPES = YES;
				CLANG_WARN_SUSPICIOUS_MOVE = YES;
				CLANG_WARN_UNGUARDED_AVAILABILITY = YES_AGGRESSIVE;
				CLANG_WARN_UNREACHABLE_CODE = YES;
				CLANG_WARN__DUPLICATE_METHOD_MATCH = YES;
				COPY_PHASE_STRIP = NO;
				DEBUG_INFORMATION_FORMAT = "dwarf-with-dsym";
				ENABLE_NS_ASSERTIONS = NO;
				ENABLE_STRICT_OBJC_MSGSEND = YES;
				GCC_C_LANGUAGE_STANDARD = gnu11;
				GCC_NO_COMMON_BLOCKS = YES;
				GCC_WARN_64_TO_32_BIT_CONVERSION = YES;
				GCC_WARN_ABOUT_RETURN_TYPE = YES_ERROR;
				GCC_WARN_UNDECLARED_SELECTOR = YES;
				GCC_WARN_UNINITIALIZED_AUTOS = YES_AGGRESSIVE;
				GCC_WARN_UNUSED_FUNCTION = YES;
				GCC_WARN_UNUSED_VARIABLE = YES;
				IPHONEOS_DEPLOYMENT_TARGET = 11.0;
				MTL_ENABLE_DEBUG_INFO = NO;
				MTL_FAST_MATH = YES;
				SDKROOT = iphoneos;
				SWIFT_COMPILATION_MODE = wholemodule;
				SWIFT_OPTIMIZATION_LEVEL = "-O";
				VALIDATE_PRODUCT = YES;
			};
			name = Release;
		};
		89953F9326BA7C5300C28C86 /* Debug */ = {
			isa = XCBuildConfiguration;
			baseConfigurationReference = DC7696F9ADB1F2B8F71D5638 /* Pods-Base.debug.xcconfig */;
			buildSettings = {
				ASSETCATALOG_COMPILER_APPICON_NAME = AppIcon;
				ASSETCATALOG_COMPILER_GLOBAL_ACCENT_COLOR_NAME = AccentColor;
				CODE_SIGN_STYLE = Automatic;
				INFOPLIST_FILE = Base/Info.plist;
				LD_RUNPATH_SEARCH_PATHS = (
					"$(inherited)",
					"@executable_path/Frameworks",
				);
				PRODUCT_BUNDLE_IDENTIFIER = chloe.Base;
				PRODUCT_NAME = "$(TARGET_NAME)";
				SWIFT_VERSION = 5.0;
				TARGETED_DEVICE_FAMILY = "1,2";
			};
			name = Debug;
		};
		89953F9426BA7C5300C28C86 /* Release */ = {
			isa = XCBuildConfiguration;
			baseConfigurationReference = EF5EDA9C4E59574B7A626A81 /* Pods-Base.release.xcconfig */;
			buildSettings = {
				ASSETCATALOG_COMPILER_APPICON_NAME = AppIcon;
				ASSETCATALOG_COMPILER_GLOBAL_ACCENT_COLOR_NAME = AccentColor;
				CODE_SIGN_STYLE = Automatic;
				INFOPLIST_FILE = Base/Info.plist;
				LD_RUNPATH_SEARCH_PATHS = (
					"$(inherited)",
					"@executable_path/Frameworks",
				);
				PRODUCT_BUNDLE_IDENTIFIER = chloe.Base;
				PRODUCT_NAME = "$(TARGET_NAME)";
				SWIFT_VERSION = 5.0;
				TARGETED_DEVICE_FAMILY = "1,2";
			};
			name = Release;
		};
/* End XCBuildConfiguration section */

/* Begin XCConfigurationList section */
		89953F7926BA7C5100C28C86 /* Build configuration list for PBXProject "Base" */ = {
			isa = XCConfigurationList;
			buildConfigurations = (
				89953F9026BA7C5300C28C86 /* Debug */,
				89953F9126BA7C5300C28C86 /* Release */,
			);
			defaultConfigurationIsVisible = 0;
			defaultConfigurationName = Release;
		};
		89953F9226BA7C5300C28C86 /* Build configuration list for PBXNativeTarget "Base" */ = {
			isa = XCConfigurationList;
			buildConfigurations = (
				89953F9326BA7C5300C28C86 /* Debug */,
				89953F9426BA7C5300C28C86 /* Release */,
			);
			defaultConfigurationIsVisible = 0;
			defaultConfigurationName = Release;
		};
/* End XCConfigurationList section */
	};
	rootObject = 89953F7626BA7C5100C28C86 /* Project object */;
}
